
Microsoft Visual Studio Solution File, Format Version 12.00
# Visual Studio Version 17
VisualStudioVersion = 17.9.34728.123
MinimumVisualStudioVersion = 10.0.40219.1
Project("{FAE04EC0-301F-11D3-BF4B-00C04F79EFBC}") = "OutsideServer", "OutsideServer.csproj", "{14424A63-D46D-4A8A-B54F-B57F33E7E7B2}"
EndProject
Global
	GlobalSection(SolutionConfigurationPlatforms) = preSolution
		Debug|Any CPU = Debug|Any CPU
		Release|Any CPU = Release|Any CPU
	EndGlobalSection
	GlobalSection(ProjectConfigurationPlatforms) = postSolution
		{14424A63-D46D-4A8A-B54F-B57F33E7E7B2}.Debug|Any CPU.ActiveCfg = Debug|Any CPU
		{14424A63-D46D-4A8A-B54F-B57F33E7E7B2}.Debug|Any CPU.Build.0 = Debug|Any CPU
		{14424A63-D46D-4A8A-B54F-B57F33E7E7B2}.Release|Any CPU.ActiveCfg = Release|Any CPU
		{14424A63-D46D-4A8A-B54F-B57F33E7E7B2}.Release|Any CPU.Build.0 = Release|Any CPU
	EndGlobalSection
	GlobalSection(SolutionProperties) = preSolution
		HideSolutionNode = FALSE
	EndGlobalSection
	GlobalSection(ExtensibilityGlobals) = postSolution
		SolutionGuid = {C6BCBB9B-03AC-49E9-B47E-81F3C0C6BCBE}
	EndGlobalSection
EndGlobal
